# This file is generated by running "yarn install" inside your project.
# Manual changes might be lost - proceed with caution!

__metadata:
  version: 10
  cacheKey: 10c0

"@biomejs/biome@npm:^2.5.11":
  version: 2.5.11
  resolution: "@biomejs/biome@npm:2.5.11"
  dependencies:
    "@biomejs/cli-darwin-arm64": "npm:2.5.11"
    "@biomejs/cli-darwin-x64": "npm:2.5.11"
    "@biomejs/cli-linux-arm64": "npm:2.5.11"
    "@biomejs/cli-linux-arm64-musl": "npm:2.5.11"
    "@biomejs/cli-linux-x64": "npm:2.5.11"
    "@biomejs/cli-linux-x64-musl": "npm:2.5.11"
    "@biomejs/cli-win32-arm64": "npm:2.5.11"
    "@biomejs/cli-win32-x64": "npm:2.5.11"
  dependenciesMeta:
    "@biomejs/cli-darwin-arm64":
      optional: true
    "@biomejs/cli-darwin-x64":
      optional: true
    "@biomejs/cli-linux-arm64":
      optional: true
    "@biomejs/cli-linux-arm64-musl":
      optional: true
    "@biomejs/cli-linux-x64":
      optional: true
    "@biomejs/cli-linux-x64-musl":
      optional: true
    "@biomejs/cli-win32-arm64":
      optional: true
    "@biomejs/cli-win32-x64":
      optional: true
  bin:
    biome: bin/biome
  checksum: 10c0/6d76d2b2e2fcf01e40e0e65dd249b6a6e003b7db716fb3bcb17789bef644fa7353be62c595ae7a25831d80515b5b311b22f4660f82446f55843a0fdd3458f32a
  languageName: node
  linkType: hard

"@biomejs/cli-darwin-arm64@npm:2.5.11":
  version: 2.5.11
  resolution: "@biomejs/cli-darwin-arm64@npm:2.5.11"
  conditions: os=darwin & cpu=arm64
  languageName: node
  linkType: hard

"@biomejs/cli-darwin-x64@npm:2.5.11":
  version: 2.5.11
  resolution: "@biomejs/cli-darwin-x64@npm:2.5.11"
  conditions: os=darwin & cpu=x64
  languageName: node
  linkType: hard

"@biomejs/cli-linux-arm64-musl@npm:2.5.11":
  version: 2.5.11
  resolution: "@biomejs/cli-linux-arm64-musl@npm:2.5.11"
  conditions: os=linux & cpu=arm64 & libc=musl
  languageName: node
  linkType: hard

"@biomejs/cli-linux-arm64@npm:2.5.11":
  version: 2.5.11
  resolution: "@biomejs/cli-linux-arm64@npm:2.5.11"
  conditions: os=linux & cpu=arm64 & libc=glibc
  languageName: node
  linkType: hard

"@biomejs/cli-linux-x64-musl@npm:2.5.11":
  version: 2.5.11
  resolution: "@biomejs/cli-linux-x64-musl@npm:2.5.11"
  conditions: os=linux & cpu=x64 & libc=musl
  languageName: node
  linkType: hard

"@biomejs/cli-linux-x64@npm:2.5.11":
  version: 2.5.11
  resolution: "@biomejs/cli-linux-x64@npm:2.5.11"
  conditions: os=linux & cpu=x64 & libc=glibc
  languageName: node
  linkType: hard

"@biomejs/cli-win32-arm64@npm:2.5.11":
  version: 2.5.11
  resolution: "@biomejs/cli-win32-arm64@npm:2.5.11"
  conditions: os=win32 & cpu=arm64
  languageName: node
  linkType: hard

"@biomejs/cli-win32-x64@npm:2.5.11":
  version: 2.5.11
  resolution: "@biomejs/cli-win32-x64@npm:2.5.11"
  conditions: os=win32 & cpu=x64
  languageName: node
  linkType: hard

"@faker-js/faker@npm:^10.6.0":
  version: 10.6.0
  resolution: "@faker-js/faker@npm:10.6.0"
  checksum: 10c0/ee285d597249a019f3a11b6705d1908616ea9e880207ca4f89e6205dbf7e98abd1129f025f5da19484f5e88f556b0629a4363745ff0bbaf1984ebf54cffde6e3
  languageName: node
  linkType: hard

"@kamalyb/mongoose-seed@workspace:.":
  version: 0.0.0-use.local
  resolution: "@kamalyb/mongoose-seed@workspace:."
  dependencies:
    "@biomejs/biome": "npm:^2.5.11"
    "@faker-js/faker": "npm:^10.6.0"
    "@types/node": "npm:^26.4.0"
    mongoose: "npm:^9.9.4"
    ora: "npm:^9.4.1"
    tsdown: "npm:^0.22.14"
    typescript: "npm:^7.0.2"
  peerDependencies:
    mongoose: ">=9"
  languageName: unknown
  linkType: soft

"@mongodb-js/saslprep@npm:^1.4.11":
  version: 1.5.0
  resolution: "@mongodb-js/saslprep@npm:1.5.0"
  dependencies:
    sparse-bitfield: "npm:^3.0.3"
  checksum: 10c0/4ec18504e567f494159b9649c5b30c0be88380cfee3a3c4e1ef33bd70a070adf3bbb8ab9946d4aab52e929b07322257621d139205300c78cd9da1e9d021008e6
  languageName: node
  linkType: hard

"@oxc-project/types@npm:=0.147.0":
  version: 0.147.0
  resolution: "@oxc-project/types@npm:0.147.0"
  checksum: 10c0/adec7c1d4c0a031a83afe976884695ff1467987da3f9e775d24bd596ca82346d3734cc9898f5645955050246a13621b4442696753a2d83d2954127fbdfbd5a5f
  languageName: node
  linkType: hard

"@quansync/fs@npm:^1.0.0":
  version: 1.0.0
  resolution: "@quansync/fs@npm:1.0.0"
  dependencies:
    quansync: "npm:^1.0.0"
  checksum: 10c0/41a7e145d4fc349eaeac20ee7ffe0c876a7c26b2268d5704b462b3e7379091221336e315b2b346d5b07a531502a41cad15c9f374800cc60b6339d074ef99aa16
  languageName: node
  linkType: hard

"@rolldown/binding-android-arm-eabi@npm:1.2.6":
  version: 1.2.6
  resolution: "@rolldown/binding-android-arm-eabi@npm:1.2.6"
  conditions: os=android & cpu=arm
  languageName: node
  linkType: hard

"@rolldown/binding-android-arm64@npm:1.2.6":
  version: 1.2.6
  resolution: "@rolldown/binding-android-arm64@npm:1.2.6"
  conditions: os=android & cpu=arm64
  languageName: node
  linkType: hard

"@rolldown/binding-darwin-arm64@npm:1.2.6":
  version: 1.2.6
  resolution: "@rolldown/binding-darwin-arm64@npm:1.2.6"
  conditions: os=darwin & cpu=arm64
  languageName: node
  linkType: hard

"@rolldown/binding-darwin-x64@npm:1.2.6":
  version: 1.2.6
  resolution: "@rolldown/binding-darwin-x64@npm:1.2.6"
  conditions: os=darwin & cpu=x64
  languageName: node
  linkType: hard

"@rolldown/binding-freebsd-x64@npm:1.2.6":
  version: 1.2.6
  resolution: "@rolldown/binding-freebsd-x64@npm:1.2.6"
  conditions: os=freebsd & cpu=x64
  languageName: node
  linkType: hard

"@rolldown/binding-linux-arm-gnueabihf@npm:1.2.6":
  version: 1.2.6
  resolution: "@rolldown/binding-linux-arm-gnueabihf@npm:1.2.6"
  conditions: os=linux & cpu=arm
  languageName: node
  linkType: hard

"@rolldown/binding-linux-arm64-gnu@npm:1.2.6":
  version: 1.2.6
  resolution: "@rolldown/binding-linux-arm64-gnu@npm:1.2.6"
  conditions: os=linux & cpu=arm64 & libc=glibc
  languageName: node
  linkType: hard

"@rolldown/binding-linux-arm64-musl@npm:1.2.6":
  version: 1.2.6
  resolution: "@rolldown/binding-linux-arm64-musl@npm:1.2.6"
  conditions: os=linux & cpu=arm64 & libc=musl
  languageName: node
  linkType: hard

"@rolldown/binding-linux-ppc64-gnu@npm:1.2.6":
  version: 1.2.6
  resolution: "@rolldown/binding-linux-ppc64-gnu@npm:1.2.6"
  conditions: os=linux & cpu=ppc64 & libc=glibc
  languageName: node
  linkType: hard

"@rolldown/binding-linux-s390x-gnu@npm:1.2.6":
  version: 1.2.6
  resolution: "@rolldown/binding-linux-s390x-gnu@npm:1.2.6"
  conditions: os=linux & cpu=s390x & libc=glibc
  languageName: node
  linkType: hard

"@rolldown/binding-linux-x64-gnu@npm:1.2.6":
  version: 1.2.6
  resolution: "@rolldown/binding-linux-x64-gnu@npm:1.2.6"
  conditions: os=linux & cpu=x64 & libc=glibc
  languageName: node
  linkType: hard

"@rolldown/binding-linux-x64-musl@npm:1.2.6":
  version: 1.2.6
  resolution: "@rolldown/binding-linux-x64-musl@npm:1.2.6"
  conditions: os=linux & cpu=x64 & libc=musl
  languageName: node
  linkType: hard

"@rolldown/binding-openharmony-arm64@npm:1.2.6":
  version: 1.2.6
  resolution: "@rolldown/binding-openharmony-arm64@npm:1.2.6"
  conditions: os=openharmony & cpu=arm64
  languageName: node
  linkType: hard

"@rolldown/binding-win32-arm64-msvc@npm:1.2.6":
  version: 1.2.6
  resolution: "@rolldown/binding-win32-arm64-msvc@npm:1.2.6"
  conditions: os=win32 & cpu=arm64
  languageName: node
  linkType: hard

"@rolldown/binding-win32-x64-msvc@npm:1.2.6":
  version: 1.2.6
  resolution: "@rolldown/binding-win32-x64-msvc@npm:1.2.6"
  conditions: os=win32 & cpu=x64
  languageName: node
  linkType: hard

"@rolldown/pluginutils@npm:^1.0.0":
  version: 1.0.1
  resolution: "@rolldown/pluginutils@npm:1.0.1"
  checksum: 10c0/99d9b06d90196823e4d8c841f258db7a16e5dbba5824a2962b05d907b79f1ba929d56f22dd744fd530936e568c865ee56a719dc31e57e13bc0a8eb4764a8d8dd
  languageName: node
  linkType: hard

"@standard-schema/spec@npm:^1.1.0":
  version: 1.1.0
  resolution: "@standard-schema/spec@npm:1.1.0"
  checksum: 10c0/d90f55acde4b2deb983529c87e8025fa693de1a5e8b49ecc6eb84d1fd96328add0e03d7d551442156c7432fd78165b2c26ff561b970a9a881f046abb78d6a526
  languageName: node
  linkType: hard

"@types/node@npm:^26.4.0":
  version: 26.4.0
  resolution: "@types/node@npm:26.4.0"
  dependencies:
    undici-types: "npm:~8.3.0"
  checksum: 10c0/e6fc94ea3b58fb8040b38c465dec1c53c1fd9d2c092c81f699d28799726baf59f12e1600318e79e8e6f985bb919dab6ae820180b942b8e38c51acaad63e8aada
  languageName: node
  linkType: hard

"@types/webidl-conversions@npm:*":
  version: 7.0.3
  resolution: "@types/webidl-conversions@npm:7.0.3"
  checksum: 10c0/ac2ccff93b95ac7c8ca73dc6064403181691bba7ea144296f462dc9108a07be16cbad7b9c704b3df706dcc5a117e1f7bf7fb27aeb75b09c0f3148de8aee11aff
  languageName: node
  linkType: hard

"@types/whatwg-url@npm:^13.0.0":
  version: 13.0.0
  resolution: "@types/whatwg-url@npm:13.0.0"
  dependencies:
    "@types/webidl-conversions": "npm:*"
  checksum: 10c0/b7b53ae7b5290a0c26e2a5c6a2353af925fe9fc7ab0bbf642e8b76f65b39f638b471dadfda8da441aed3ca32cafd33b1a03459117c9ec85fd91b1e6c0e93044e
  languageName: node
  linkType: hard

"@typescript/typescript-aix-ppc64@npm:7.0.2":
  version: 7.0.2
  resolution: "@typescript/typescript-aix-ppc64@npm:7.0.2"
  conditions: os=aix & cpu=ppc64
  languageName: node
  linkType: hard

"@typescript/typescript-darwin-arm64@npm:7.0.2":
  version: 7.0.2
  resolution: "@typescript/typescript-darwin-arm64@npm:7.0.2"
  conditions: os=darwin & cpu=arm64
  languageName: node
  linkType: hard

"@typescript/typescript-darwin-x64@npm:7.0.2":
  version: 7.0.2
  resolution: "@typescript/typescript-darwin-x64@npm:7.0.2"
  conditions: os=darwin & cpu=x64
  languageName: node
  linkType: hard

"@typescript/typescript-freebsd-arm64@npm:7.0.2":
  version: 7.0.2
  resolution: "@typescript/typescript-freebsd-arm64@npm:7.0.2"
  conditions: os=freebsd & cpu=arm64
  languageName: node
  linkType: hard

"@typescript/typescript-freebsd-x64@npm:7.0.2":
  version: 7.0.2
  resolution: "@typescript/typescript-freebsd-x64@npm:7.0.2"
  conditions: os=freebsd & cpu=x64
  languageName: node
  linkType: hard

"@typescript/typescript-linux-arm64@npm:7.0.2":
  version: 7.0.2
  resolution: "@typescript/typescript-linux-arm64@npm:7.0.2"
  conditions: os=linux & cpu=arm64
  languageName: node
  linkType: hard

"@typescript/typescript-linux-arm@npm:7.0.2":
  version: 7.0.2
  resolution: "@typescript/typescript-linux-arm@npm:7.0.2"
  conditions: os=linux & cpu=arm
  languageName: node
  linkType: hard

"@typescript/typescript-linux-loong64@npm:7.0.2":
  version: 7.0.2
  resolution: "@typescript/typescript-linux-loong64@npm:7.0.2"
  conditions: os=linux & cpu=loong64
  languageName: node
  linkType: hard

"@typescript/typescript-linux-mips64el@npm:7.0.2":
  version: 7.0.2
  resolution: "@typescript/typescript-linux-mips64el@npm:7.0.2"
  conditions: os=linux & cpu=mips64el
  languageName: node
  linkType: hard

"@typescript/typescript-linux-ppc64@npm:7.0.2":
  version: 7.0.2
  resolution: "@typescript/typescript-linux-ppc64@npm:7.0.2"
  conditions: os=linux & cpu=ppc64
  languageName: node
  linkType: hard

"@typescript/typescript-linux-riscv64@npm:7.0.2":
  version: 7.0.2
  resolution: "@typescript/typescript-linux-riscv64@npm:7.0.2"
  conditions: os=linux & cpu=riscv64
  languageName: node
  linkType: hard

"@typescript/typescript-linux-s390x@npm:7.0.2":
  version: 7.0.2
  resolution: "@typescript/typescript-linux-s390x@npm:7.0.2"
  conditions: os=linux & cpu=s390x
  languageName: node
  linkType: hard

"@typescript/typescript-linux-x64@npm:7.0.2":
  version: 7.0.2
  resolution: "@typescript/typescript-linux-x64@npm:7.0.2"
  conditions: os=linux & cpu=x64
  languageName: node
  linkType: hard

"@typescript/typescript-netbsd-arm64@npm:7.0.2":
  version: 7.0.2
  resolution: "@typescript/typescript-netbsd-arm64@npm:7.0.2"
  conditions: os=netbsd & cpu=arm64
  languageName: node
  linkType: hard

"@typescript/typescript-netbsd-x64@npm:7.0.2":
  version: 7.0.2
  resolution: "@typescript/typescript-netbsd-x64@npm:7.0.2"
  conditions: os=netbsd & cpu=x64
  languageName: node
  linkType: hard

"@typescript/typescript-openbsd-arm64@npm:7.0.2":
  version: 7.0.2
  resolution: "@typescript/typescript-openbsd-arm64@npm:7.0.2"
  conditions: os=openbsd & cpu=arm64
  languageName: node
  linkType: hard

"@typescript/typescript-openbsd-x64@npm:7.0.2":
  version: 7.0.2
  resolution: "@typescript/typescript-openbsd-x64@npm:7.0.2"
  conditions: os=openbsd & cpu=x64
  languageName: node
  linkType: hard

"@typescript/typescript-sunos-x64@npm:7.0.2":
  version: 7.0.2
  resolution: "@typescript/typescript-sunos-x64@npm:7.0.2"
  conditions: os=sunos & cpu=x64
  languageName: node
  linkType: hard

"@typescript/typescript-win32-arm64@npm:7.0.2":
  version: 7.0.2
  resolution: "@typescript/typescript-win32-arm64@npm:7.0.2"
  conditions: os=win32 & cpu=arm64
  languageName: node
  linkType: hard

"@typescript/typescript-win32-x64@npm:7.0.2":
  version: 7.0.2
  resolution: "@typescript/typescript-win32-x64@npm:7.0.2"
  conditions: os=win32 & cpu=x64
  languageName: node
  linkType: hard

"@yuku-codegen/binding-android-arm64@npm:0.8.7":
  version: 0.8.7
  resolution: "@yuku-codegen/binding-android-arm64@npm:0.8.7"
  conditions: os=android & cpu=arm64
  languageName: node
  linkType: hard

"@yuku-codegen/binding-darwin-arm64@npm:0.8.7":
  version: 0.8.7
  resolution: "@yuku-codegen/binding-darwin-arm64@npm:0.8.7"
  conditions: os=darwin & cpu=arm64
  languageName: node
  linkType: hard

"@yuku-codegen/binding-darwin-x64@npm:0.8.7":
  version: 0.8.7
  resolution: "@yuku-codegen/binding-darwin-x64@npm:0.8.7"
  conditions: os=darwin & cpu=x64
  languageName: node
  linkType: hard

"@yuku-codegen/binding-freebsd-x64@npm:0.8.7":
  version: 0.8.7
  resolution: "@yuku-codegen/binding-freebsd-x64@npm:0.8.7"
  conditions: os=freebsd & cpu=x64
  languageName: node
  linkType: hard

"@yuku-codegen/binding-linux-arm-gnu@npm:0.8.7":
  version: 0.8.7
  resolution: "@yuku-codegen/binding-linux-arm-gnu@npm:0.8.7"
  conditions: os=linux & cpu=arm & libc=glibc
  languageName: node
  linkType: hard

"@yuku-codegen/binding-linux-arm-musl@npm:0.8.7":
  version: 0.8.7
  resolution: "@yuku-codegen/binding-linux-arm-musl@npm:0.8.7"
  conditions: os=linux & cpu=arm & libc=musl
  languageName: node
  linkType: hard

"@yuku-codegen/binding-linux-arm64-gnu@npm:0.8.7":
  version: 0.8.7
  resolution: "@yuku-codegen/binding-linux-arm64-gnu@npm:0.8.7"
  conditions: os=linux & cpu=arm64 & libc=glibc
  languageName: node
  linkType: hard

"@yuku-codegen/binding-linux-arm64-musl@npm:0.8.7":
  version: 0.8.7
  resolution: "@yuku-codegen/binding-linux-arm64-musl@npm:0.8.7"
  conditions: os=linux & cpu=arm64 & libc=musl
  languageName: node
  linkType: hard

"@yuku-codegen/binding-linux-x64-gnu@npm:0.8.7":
  version: 0.8.7
  resolution: "@yuku-codegen/binding-linux-x64-gnu@npm:0.8.7"
  conditions: os=linux & cpu=x64 & libc=glibc
  languageName: node
  linkType: hard

"@yuku-codegen/binding-linux-x64-musl@npm:0.8.7":
  version: 0.8.7
  resolution: "@yuku-codegen/binding-linux-x64-musl@npm:0.8.7"
  conditions: os=linux & cpu=x64 & libc=musl
  languageName: node
  linkType: hard

"@yuku-codegen/binding-win32-arm64@npm:0.8.7":
  version: 0.8.7
  resolution: "@yuku-codegen/binding-win32-arm64@npm:0.8.7"
  conditions: os=win32 & cpu=arm64
  languageName: node
  linkType: hard

"@yuku-codegen/binding-win32-x64@npm:0.8.7":
  version: 0.8.7
  resolution: "@yuku-codegen/binding-win32-x64@npm:0.8.7"
  conditions: os=win32 & cpu=x64
  languageName: node
  linkType: hard

"@yuku-parser/binding-android-arm64@npm:0.8.7":
  version: 0.8.7
  resolution: "@yuku-parser/binding-android-arm64@npm:0.8.7"
  conditions: os=android & cpu=arm64
  languageName: node
  linkType: hard

"@yuku-parser/binding-darwin-arm64@npm:0.8.7":
  version: 0.8.7
  resolution: "@yuku-parser/binding-darwin-arm64@npm:0.8.7"
  conditions: os=darwin & cpu=arm64
  languageName: node
  linkType: hard

"@yuku-parser/binding-darwin-x64@npm:0.8.7":
  version: 0.8.7
  resolution: "@yuku-parser/binding-darwin-x64@npm:0.8.7"
  conditions: os=darwin & cpu=x64
  languageName: node
  linkType: hard

"@yuku-parser/binding-freebsd-x64@npm:0.8.7":
  version: 0.8.7
  resolution: "@yuku-parser/binding-freebsd-x64@npm:0.8.7"
  conditions: os=freebsd & cpu=x64
  languageName: node
  linkType: hard

"@yuku-parser/binding-linux-arm-gnu@npm:0.8.7":
  version: 0.8.7
  resolution: "@yuku-parser/binding-linux-arm-gnu@npm:0.8.7"
  conditions: os=linux & cpu=arm & libc=glibc
  languageName: node
  linkType: hard

"@yuku-parser/binding-linux-arm-musl@npm:0.8.7":
  version: 0.8.7
  resolution: "@yuku-parser/binding-linux-arm-musl@npm:0.8.7"
  conditions: os=linux & cpu=arm & libc=musl
  languageName: node
  linkType: hard

"@yuku-parser/binding-linux-arm64-gnu@npm:0.8.7":
  version: 0.8.7
  resolution: "@yuku-parser/binding-linux-arm64-gnu@npm:0.8.7"
  conditions: os=linux & cpu=arm64 & libc=glibc
  languageName: node
  linkType: hard

"@yuku-parser/binding-linux-arm64-musl@npm:0.8.7":
  version: 0.8.7
  resolution: "@yuku-parser/binding-linux-arm64-musl@npm:0.8.7"
  conditions: os=linux & cpu=arm64 & libc=musl
  languageName: node
  linkType: hard

"@yuku-parser/binding-linux-x64-gnu@npm:0.8.7":
  version: 0.8.7
  resolution: "@yuku-parser/binding-linux-x64-gnu@npm:0.8.7"
  conditions: os=linux & cpu=x64 & libc=glibc
  languageName: node
  linkType: hard

"@yuku-parser/binding-linux-x64-musl@npm:0.8.7":
  version: 0.8.7
  resolution: "@yuku-parser/binding-linux-x64-musl@npm:0.8.7"
  conditions: os=linux & cpu=x64 & libc=musl
  languageName: node
  linkType: hard

"@yuku-parser/binding-win32-arm64@npm:0.8.7":
  version: 0.8.7
  resolution: "@yuku-parser/binding-win32-arm64@npm:0.8.7"
  conditions: os=win32 & cpu=arm64
  languageName: node
  linkType: hard

"@yuku-parser/binding-win32-x64@npm:0.8.7":
  version: 0.8.7
  resolution: "@yuku-parser/binding-win32-x64@npm:0.8.7"
  conditions: os=win32 & cpu=x64
  languageName: node
  linkType: hard

"@yuku-toolchain/types@npm:^0.8.7":
  version: 0.8.7
  resolution: "@yuku-toolchain/types@npm:0.8.7"
  checksum: 10c0/f39627b323524d4007f8a01a05c2defce13ec1b98cc33dbefd12c7652ecbe966b5235c410e638f91d2d1f9345afbe38433abf39e7992141d8634416ed6ee6c67
  languageName: node
  linkType: hard

"ansi-regex@npm:^6.0.1":
  version: 6.1.0
  resolution: "ansi-regex@npm:6.1.0"
  checksum: 10c0/a91daeddd54746338478eef88af3439a7edf30f8e23196e2d6ed182da9add559c601266dbef01c2efa46a958ad6f1f8b176799657616c702b5b02e799e7fd8dc
  languageName: node
  linkType: hard

"ansis@npm:^4.3.1":
  version: 4.3.1
  resolution: "ansis@npm:4.3.1"
  checksum: 10c0/d1a48090f9c33b18f254a3496e5336a20391a51140b552a1c0bc38710ae7c8bc36a62658f28759797d7bce15e89b893e9ef1962ea1ea42a291d112263f6e593c
  languageName: node
  linkType: hard

"bson@npm:^7.2.0":
  version: 7.3.2
  resolution: "bson@npm:7.3.2"
  checksum: 10c0/c927f393252e79d033b750b778c5f7c3f3ffff6d2b32fd31e72199b1ab63a3a98e294d0095ac0a3b0fa7bbeb2b0886765085babf4d8377b1b1f105f356ca8f36
  languageName: node
  linkType: hard

"cac@npm:^7.0.0":
  version: 7.0.0
  resolution: "cac@npm:7.0.0"
  checksum: 10c0/e9da33cb9f0425546ae92a450d479276f9969a050fe64f5d6fedf058bdd87f22a370797fe1c158e07655fa9fc183749df7cb2037431e3772faa7bee9919fb763
  languageName: node
  linkType: hard

"chalk@npm:^5.6.2":
  version: 5.6.2
  resolution: "chalk@npm:5.6.2"
  checksum: 10c0/99a4b0f0e7991796b1e7e3f52dceb9137cae2a9dfc8fc0784a550dc4c558e15ab32ed70b14b21b52beb2679b4892b41a0aa44249bcb996f01e125d58477c6976
  languageName: node
  linkType: hard

"cli-cursor@npm:^5.0.0":
  version: 5.0.0
  resolution: "cli-cursor@npm:5.0.0"
  dependencies:
    restore-cursor: "npm:^5.0.0"
  checksum: 10c0/7ec62f69b79f6734ab209a3e4dbdc8af7422d44d360a7cb1efa8a0887bbe466a6e625650c466fe4359aee44dbe2dc0b6994b583d40a05d0808a5cb193641d220
  languageName: node
  linkType: hard

"cli-spinners@npm:^3.2.0":
  version: 3.4.0
  resolution: "cli-spinners@npm:3.4.0"
  checksum: 10c0/91296c32e147d5b973c9d439d1512306499215437b92f0c0d8be44ec850b555acb8795c19c606b2f6747f31d50c4e41fdde7dcef653f18f0ae7cdd58e99a4764
  languageName: node
  linkType: hard

"defu@npm:^6.1.7":
  version: 6.1.7
  resolution: "defu@npm:6.1.7"
  checksum: 10c0/e6635388103c8be3c574ac31302f6930e5e6eeedba32cb1b30cf993c7d9fb571aec2485446dfa23bfa63e55e66156fe109027a9695db82a50f931e91e8d4bedb
  languageName: node
  linkType: hard

"dts-resolver@npm:^3.0.0":
  version: 3.0.0
  resolution: "dts-resolver@npm:3.0.0"
  peerDependencies:
    oxc-resolver: ">=11.0.0"
  peerDependenciesMeta:
    oxc-resolver:
      optional: true
  checksum: 10c0/ae52c4e09b43def702b02d7edbfa04798522907f22879809f8890e5c61fc762403f46a1c415c2d1a6440b01960bbaf98c72def1771b0962d3b15fec40983a4ab
  languageName: node
  linkType: hard

"empathic@npm:^2.0.1":
  version: 2.0.1
  resolution: "empathic@npm:2.0.1"
  checksum: 10c0/577f2868bfcad4ffbf911b57c75016125eb8cc8a7d32cf2d3e9fbcb31bfe6e9e6b66d9457ac34ccb2cd38bff353b3af34287899e0360b8c561ff6d4a048aca62
  languageName: node
  linkType: hard

"fdir@npm:^6.5.0":
  version: 6.5.0
  resolution: "fdir@npm:6.5.0"
  peerDependencies:
    picomatch: ^3 || ^4
  peerDependenciesMeta:
    picomatch:
      optional: true
  checksum: 10c0/e345083c4306b3aed6cb8ec551e26c36bab5c511e99ea4576a16750ddc8d3240e63826cc624f5ae17ad4dc82e68a253213b60d556c11bfad064b7607847ed07f
  languageName: node
  linkType: hard

"get-east-asian-width@npm:^1.3.0":
  version: 1.4.0
  resolution: "get-east-asian-width@npm:1.4.0"
  checksum: 10c0/4e481d418e5a32061c36fbb90d1b225a254cc5b2df5f0b25da215dcd335a3c111f0c2023ffda43140727a9cafb62dac41d022da82c08f31083ee89f714ee3b83
  languageName: node
  linkType: hard

"get-tsconfig@npm:5.0.0-beta.5":
  version: 5.0.0-beta.5
  resolution: "get-tsconfig@npm:5.0.0-beta.5"
  dependencies:
    resolve-pkg-maps: "npm:^1.0.0"
  checksum: 10c0/fd96e2a7d872703d8c5d7ed5d5d884a4e33f6cd9f012aa68a3c7aae700b84b502e41c06641a3d0667b1e8c8f7d497857dd6d3bba3987d2e5f59d95e49fb6e3b9
  languageName: node
  linkType: hard

"hookable@npm:^6.1.1":
  version: 6.1.1
  resolution: "hookable@npm:6.1.1"
  checksum: 10c0/bb46cd9ffc0a997af21febd97835da4e59a6989adec73dc3c215fcc44c7ac01de4781f251c3d420bf45862d2592a695f5f0de095b6f5df52db8afb5166938212
  languageName: node
  linkType: hard

"import-without-cache@npm:^0.4.0":
  version: 0.4.0
  resolution: "import-without-cache@npm:0.4.0"
  checksum: 10c0/5ba51078dc15f08cd1ef4e12f3d274a7e1906319ac831b5ddf036a033ab3b4395264b93c64be8b6050be27546754a4c3a84fcfbe8e827ba221203cc47c608a46
  languageName: node
  linkType: hard

"is-interactive@npm:^2.0.0":
  version: 2.0.0
  resolution: "is-interactive@npm:2.0.0"
  checksum: 10c0/801c8f6064f85199dc6bf99b5dd98db3282e930c3bc197b32f2c5b89313bb578a07d1b8a01365c4348c2927229234f3681eb861b9c2c92bee72ff397390fa600
  languageName: node
  linkType: hard

"is-unicode-supported@npm:^2.0.0, is-unicode-supported@npm:^2.1.0":
  version: 2.1.0
  resolution: "is-unicode-supported@npm:2.1.0"
  checksum: 10c0/a0f53e9a7c1fdbcf2d2ef6e40d4736fdffff1c9f8944c75e15425118ff3610172c87bf7bc6c34d3903b04be59790bb2212ddbe21ee65b5a97030fc50370545a5
  languageName: node
  linkType: hard

"kareem@npm:3.3.0":
  version: 3.3.0
  resolution: "kareem@npm:3.3.0"
  checksum: 10c0/51b5adb120bb535ab905d8fa265ae0a5a1b865ac23164d62cfaa5a0fc8e66f4bf39a12cdfa3e76d3710af30b19bf17ca293c47cae6473f5b8721ca5ac83c6952
  languageName: node
  linkType: hard

"log-symbols@npm:^7.0.1":
  version: 7.0.1
  resolution: "log-symbols@npm:7.0.1"
  dependencies:
    is-unicode-supported: "npm:^2.0.0"
    yoctocolors: "npm:^2.1.1"
  checksum: 10c0/71d30f9a44b8604b14df5e7c9b579d739997253db7385339d493ece41ee2cc74c1f96c5b4c0b2c1e0829b05348d4f287e68faab495b7a094a80f51351c816075
  languageName: node
  linkType: hard

"memory-pager@npm:^1.0.2":
  version: 1.5.0
  resolution: "memory-pager@npm:1.5.0"
  checksum: 10c0/2596e80c99fee24f05bd8a20cde2ee899012c996f4ec361ac76ed6f009f34149d733ac6f76880106ccd6a66d062ad439357578d383d429df66ba1278f68806e9
  languageName: node
  linkType: hard

"mimic-function@npm:^5.0.0":
  version: 5.0.1
  resolution: "mimic-function@npm:5.0.1"
  checksum: 10c0/f3d9464dd1816ecf6bdf2aec6ba32c0728022039d992f178237d8e289b48764fee4131319e72eedd4f7f094e22ded0af836c3187a7edc4595d28dd74368fd81d
  languageName: node
  linkType: hard

"mongodb-connection-string-url@npm:^7.0.1":
  version: 7.0.2
  resolution: "mongodb-connection-string-url@npm:7.0.2"
  dependencies:
    "@types/whatwg-url": "npm:^13.0.0"
    whatwg-url: "npm:^14.1.0"
  checksum: 10c0/f705457af027d6e05819c863361707acf541499f424793c5c38a5cdefaeb26bb7356e99e82e9145e2e74ca8f28b35f02dadd154a1ecda0528ba1f9927ebe7ae8
  languageName: node
  linkType: hard

"mongodb@npm:~7.5":
  version: 7.5.0
  resolution: "mongodb@npm:7.5.0"
  dependencies:
    "@mongodb-js/saslprep": "npm:^1.4.11"
    bson: "npm:^7.2.0"
    mongodb-connection-string-url: "npm:^7.0.1"
  peerDependencies:
    "@aws-sdk/credential-providers": ^3.806.0
    "@mongodb-js/zstd": ^7.0.0
    gcp-metadata: ^7.0.1
    kerberos: ^7.0.0
    mongodb-client-encryption: ^7.2.0
    snappy: ^7.3.2
    socks: ^2.8.6
  peerDependenciesMeta:
    "@aws-sdk/credential-providers":
      optional: true
    "@mongodb-js/zstd":
      optional: true
    gcp-metadata:
      optional: true
    kerberos:
      optional: true
    mongodb-client-encryption:
      optional: true
    snappy:
      optional: true
    socks:
      optional: true
  checksum: 10c0/468db2b24fa3e497d6212bc3073c008b46ebffdace1197be5982c976d61e962e85727ac4443c6c8b59a9baed10d14ed589b6ea9234e87727469d7a19e82f9cd0
  languageName: node
  linkType: hard

"mongoose@npm:^9.9.4":
  version: 9.9.4
  resolution: "mongoose@npm:9.9.4"
  dependencies:
    "@standard-schema/spec": "npm:^1.1.0"
    kareem: "npm:3.3.0"
    mongodb: "npm:~7.5"
    mpath: "npm:0.9.0"
    mquery: "npm:6.0.0"
    ms: "npm:2.1.3"
    sift: "npm:17.1.3"
  checksum: 10c0/5312b8ce1d2d14864006721f079d8c9c2130a3ccdf13fedb0fcf1d4b59888f14d53fa81a29333d265e8292d88bdc025269c94033fe97e4278c534b8492080017
  languageName: node
  linkType: hard

"mpath@npm:0.9.0":
  version: 0.9.0
  resolution: "mpath@npm:0.9.0"
  checksum: 10c0/ac1a77ebbd44567f122fb3026c9647836215d5bb75b54064d1f3d998125644fe7a775b89441b94d4d60f43ad9638a12d830a9e29f36116e93b8cdfd111816e8f
  languageName: node
  linkType: hard

"mquery@npm:6.0.0":
  version: 6.0.0
  resolution: "mquery@npm:6.0.0"
  checksum: 10c0/5b566ad66d5de1d9213827e21ef87905c7e67ac07780a7f09ad3adf76e7537d5810138d3270633d06430e3ee7886205fbc174f3389e730e23ee8530993354b6b
  languageName: node
  linkType: hard

"ms@npm:2.1.3":
  version: 2.1.3
  resolution: "ms@npm:2.1.3"
  checksum: 10c0/d924b57e7312b3b63ad21fc5b3dc0af5e78d61a1fc7cfb5457edaf26326bf62be5307cc87ffb6862ef1c2b33b0233cdb5d4f01c4c958cc0d660948b65a287a48
  languageName: node
  linkType: hard

"obug@npm:^2.1.4":
  version: 2.1.4
  resolution: "obug@npm:2.1.4"
  checksum: 10c0/34a0ee97cd88573cfd97d384c2a79f07118ae5680d7e45d1de6e99c74eddefe145e8ca27a2db02195a1ee5fded5aa22b924869c842728c201b9f109a27d0ef19
  languageName: node
  linkType: hard

"onetime@npm:^7.0.0":
  version: 7.0.0
  resolution: "onetime@npm:7.0.0"
  dependencies:
    mimic-function: "npm:^5.0.0"
  checksum: 10c0/5cb9179d74b63f52a196a2e7037ba2b9a893245a5532d3f44360012005c9cadb60851d56716ebff18a6f47129dab7168022445df47c2aff3b276d92585ed1221
  languageName: node
  linkType: hard

"ora@npm:^9.4.1":
  version: 9.4.1
  resolution: "ora@npm:9.4.1"
  dependencies:
    chalk: "npm:^5.6.2"
    cli-cursor: "npm:^5.0.0"
    cli-spinners: "npm:^3.2.0"
    is-interactive: "npm:^2.0.0"
    is-unicode-supported: "npm:^2.1.0"
    log-symbols: "npm:^7.0.1"
    stdin-discarder: "npm:^0.3.2"
    string-width: "npm:^8.1.0"
  checksum: 10c0/d58003408f3ddee46cd0a8d05e28c8a62e56cddd7ca4bc39adc4455c653d9d4c3d85b6f6b6c9ca78085f7ccbbb202ce8781505cdbebd357537a2b3f3eaa11ec2
  languageName: node
  linkType: hard

"picomatch@npm:^4.0.4, picomatch@npm:^4.0.5":
  version: 4.0.7
  resolution: "picomatch@npm:4.0.7"
  checksum: 10c0/beb6ae02c43ae44e84883b90830196d9046b1726ead292adcf7f57945e0bb0d992d68563d87e03b484b6f3c9a5c6defda7523477f047d7f0e663f126cc01787f
  languageName: node
  linkType: hard

"punycode@npm:^2.3.1":
  version: 2.3.1
  resolution: "punycode@npm:2.3.1"
  checksum: 10c0/14f76a8206bc3464f794fb2e3d3cc665ae416c01893ad7a02b23766eb07159144ee612ad67af5e84fa4479ccfe67678c4feb126b0485651b302babf66f04f9e9
  languageName: node
  linkType: hard

"quansync@npm:^1.0.0":
  version: 1.0.0
  resolution: "quansync@npm:1.0.0"
  checksum: 10c0/076542634399a0cc46078baab6b31acee7a88c5a435234345f645aedaa42bc6a63836e655fb39b1b21a83c98ec86a4b73ec5e2b2d6f3fdc22711eeeff9463253
  languageName: node
  linkType: hard

"resolve-pkg-maps@npm:^1.0.0":
  version: 1.0.0
  resolution: "resolve-pkg-maps@npm:1.0.0"
  checksum: 10c0/fb8f7bbe2ca281a73b7ef423a1cbc786fb244bd7a95cbe5c3fba25b27d327150beca8ba02f622baea65919a57e061eb5005204daa5f93ed590d9b77463a567ab
  languageName: node
  linkType: hard

"restore-cursor@npm:^5.0.0":
  version: 5.1.0
  resolution: "restore-cursor@npm:5.1.0"
  dependencies:
    onetime: "npm:^7.0.0"
    signal-exit: "npm:^4.1.0"
  checksum: 10c0/c2ba89131eea791d1b25205bdfdc86699767e2b88dee2a590b1a6caa51737deac8bad0260a5ded2f7c074b7db2f3a626bcf1fcf3cdf35974cbeea5e2e6764f60
  languageName: node
  linkType: hard

"rolldown-plugin-dts@npm:^0.27.13":
  version: 0.27.14
  resolution: "rolldown-plugin-dts@npm:0.27.14"
  dependencies:
    dts-resolver: "npm:^3.0.0"
    get-tsconfig: "npm:5.0.0-beta.5"
    obug: "npm:^2.1.4"
    yuku-ast: "npm:^0.8.0"
    yuku-codegen: "npm:^0.8.0"
    yuku-parser: "npm:^0.8.0"
  peerDependencies:
    "@typescript/native-preview": "*"
    "@volar/typescript": ~2.4.0
    rolldown: ^1.0.0
    typescript: ^5.0.0 || ^6.0.0 || ~7.0.0
    vue-tsc: ~3.2.0 || ~3.3.0
  peerDependenciesMeta:
    "@typescript/native-preview":
      optional: true
    "@volar/typescript":
      optional: true
    typescript:
      optional: true
    vue-tsc:
      optional: true
  checksum: 10c0/dc384c04204d269ff205356e824fa5b644bb940e6c3772eb99f2b89be7ab9c8c7971d9b4a6b4c35cf1030f9e4d8f35ea1602a65500c6c82df187d4878271f7ff
  languageName: node
  linkType: hard

"rolldown@npm:~1.2.0":
  version: 1.2.6
  resolution: "rolldown@npm:1.2.6"
  dependencies:
    "@oxc-project/types": "npm:=0.147.0"
    "@rolldown/binding-android-arm-eabi": "npm:1.2.6"
    "@rolldown/binding-android-arm64": "npm:1.2.6"
    "@rolldown/binding-darwin-arm64": "npm:1.2.6"
    "@rolldown/binding-darwin-x64": "npm:1.2.6"
    "@rolldown/binding-freebsd-x64": "npm:1.2.6"
    "@rolldown/binding-linux-arm-gnueabihf": "npm:1.2.6"
    "@rolldown/binding-linux-arm64-gnu": "npm:1.2.6"
    "@rolldown/binding-linux-arm64-musl": "npm:1.2.6"
    "@rolldown/binding-linux-ppc64-gnu": "npm:1.2.6"
    "@rolldown/binding-linux-s390x-gnu": "npm:1.2.6"
    "@rolldown/binding-linux-x64-gnu": "npm:1.2.6"
    "@rolldown/binding-linux-x64-musl": "npm:1.2.6"
    "@rolldown/binding-openharmony-arm64": "npm:1.2.6"
    "@rolldown/binding-win32-arm64-msvc": "npm:1.2.6"
    "@rolldown/binding-win32-x64-msvc": "npm:1.2.6"
    "@rolldown/pluginutils": "npm:^1.0.0"
  dependenciesMeta:
    "@rolldown/binding-android-arm-eabi":
      optional: true
    "@rolldown/binding-android-arm64":
      optional: true
    "@rolldown/binding-darwin-arm64":
      optional: true
    "@rolldown/binding-darwin-x64":
      optional: true
    "@rolldown/binding-freebsd-x64":
      optional: true
    "@rolldown/binding-linux-arm-gnueabihf":
      optional: true
    "@rolldown/binding-linux-arm64-gnu":
      optional: true
    "@rolldown/binding-linux-arm64-musl":
      optional: true
    "@rolldown/binding-linux-ppc64-gnu":
      optional: true
    "@rolldown/binding-linux-s390x-gnu":
      optional: true
    "@rolldown/binding-linux-x64-gnu":
      optional: true
    "@rolldown/binding-linux-x64-musl":
      optional: true
    "@rolldown/binding-openharmony-arm64":
      optional: true
    "@rolldown/binding-win32-arm64-msvc":
      optional: true
    "@rolldown/binding-win32-x64-msvc":
      optional: true
  bin:
    rolldown: ./bin/cli.mjs
  checksum: 10c0/34f8fd335f3ec8e55002aa4f2f6f0ffd4dc1f2c47f877d4ad37fbe62c97d3b63486705494e739b9e451cccf4c4bc4e0f14648d7f978427964c693c0165289308
  languageName: node
  linkType: hard

"sift@npm:17.1.3":
  version: 17.1.3
  resolution: "sift@npm:17.1.3"
  checksum: 10c0/bb05d1d65cc9b549b402c1366ba1fcf685311808b6d5c2f4fa2f477d7b524218bbf6c99587562d5613d407820a6b5a7cad809f89c3f75c513ff5d8c0e0a0cead
  languageName: node
  linkType: hard

"signal-exit@npm:^4.1.0":
  version: 4.1.0
  resolution: "signal-exit@npm:4.1.0"
  checksum: 10c0/41602dce540e46d599edba9d9860193398d135f7ff72cab629db5171516cfae628d21e7bfccde1bbfdf11c48726bc2a6d1a8fb8701125852fbfda7cf19c6aa83
  languageName: node
  linkType: hard

"sparse-bitfield@npm:^3.0.3":
  version: 3.0.3
  resolution: "sparse-bitfield@npm:3.0.3"
  dependencies:
    memory-pager: "npm:^1.0.2"
  checksum: 10c0/248c6ff7b5e354735e1daac4059222a29c9d291dfcf265daf675d13515eeaac454cfcccd687c8d134f86698b39abd7ad4d7434f7272dd6f8e41a00f21aae4194
  languageName: node
  linkType: hard

"stdin-discarder@npm:^0.3.2":
  version: 0.3.2
  resolution: "stdin-discarder@npm:0.3.2"
  checksum: 10c0/5dbaba9efbcb447a4450d5ae19794641ea9166abe96dc4b5547a109db1bb6e8bdb17bbe1029e02ca8d9d8ee996b7c7cbcce12b12c18c121871cd4f574292381a
  languageName: node
  linkType: hard

"string-width@npm:^8.1.0":
  version: 8.1.1
  resolution: "string-width@npm:8.1.1"
  dependencies:
    get-east-asian-width: "npm:^1.3.0"
    strip-ansi: "npm:^7.1.0"
  checksum: 10c0/479841b1f7a816d04ca39c486f4c130512c1a9363b445b3424dfca88ec3e71689908e3c62a3e130c2f7037d78a65880b16655f2ba1324638b4956fcd14f28f29
  languageName: node
  linkType: hard

"strip-ansi@npm:^7.1.0":
  version: 7.1.0
  resolution: "strip-ansi@npm:7.1.0"
  dependencies:
    ansi-regex: "npm:^6.0.1"
  checksum: 10c0/a198c3762e8832505328cbf9e8c8381de14a4fa50a4f9b2160138158ea88c0f5549fb50cb13c651c3088f47e63a108b34622ec18c0499b6c8c3a5ddf6b305ac4
  languageName: node
  linkType: hard

"tinyexec@npm:^1.2.4":
  version: 1.3.0
  resolution: "tinyexec@npm:1.3.0"
  checksum: 10c0/e9b89f97489d2aab2cef408da279e6b32547e738d1275032ccb8fd0028a006d93eb70fc51c6cffd9fc2f5aca6c2a273d8b6f73b52d46ee5116da6b94969ef958
  languageName: node
  linkType: hard

"tinyglobby@npm:^0.2.17":
  version: 0.2.17
  resolution: "tinyglobby@npm:0.2.17"
  dependencies:
    fdir: "npm:^6.5.0"
    picomatch: "npm:^4.0.4"
  checksum: 10c0/7f7bb0f197c88bc4b20c231e0deca4240ca3bf313a88f5a7fee93a872b84966a4d50220947c0455ad07a60b3b360961c5b7fd979222aeb716a9f99b412002e4c
  languageName: node
  linkType: hard

"tr46@npm:^5.1.0":
  version: 5.1.0
  resolution: "tr46@npm:5.1.0"
  dependencies:
    punycode: "npm:^2.3.1"
  checksum: 10c0/d761f7144e0cb296187674ef245c74f761e334d7cf25ca73ef60e4c72c097c75051031c093fa1a2fee04b904977b316716a7915854bcae8fb1a371746513cbe8
  languageName: node
  linkType: hard

"tree-kill@npm:^1.2.2":
  version: 1.2.2
  resolution: "tree-kill@npm:1.2.2"
  bin:
    tree-kill: cli.js
  checksum: 10c0/7b1b7c7f17608a8f8d20a162e7957ac1ef6cd1636db1aba92f4e072dc31818c2ff0efac1e3d91064ede67ed5dc57c565420531a8134090a12ac10cf792ab14d2
  languageName: node
  linkType: hard

"tsdown@npm:^0.22.14":
  version: 0.22.14
  resolution: "tsdown@npm:0.22.14"
  dependencies:
    ansis: "npm:^4.3.1"
    cac: "npm:^7.0.0"
    defu: "npm:^6.1.7"
    empathic: "npm:^2.0.1"
    hookable: "npm:^6.1.1"
    import-without-cache: "npm:^0.4.0"
    obug: "npm:^2.1.4"
    picomatch: "npm:^4.0.5"
    rolldown: "npm:~1.2.0"
    rolldown-plugin-dts: "npm:^0.27.13"
    tinyexec: "npm:^1.2.4"
    tinyglobby: "npm:^0.2.17"
    tree-kill: "npm:^1.2.2"
    unconfig-core: "npm:^7.5.0"
    verkit: "npm:^0.3.0"
  peerDependencies:
    "@arethetypeswrong/core": ^0.18.1
    "@tsdown/css": 0.22.14
    "@tsdown/exe": 0.22.14
    "@vitejs/devtools": "*"
    publint: ^0.3.8
    tsx: "*"
    typescript: ^5.0.0 || ^6.0.0 || ^7.0.0
    unplugin-unused: ^0.5.0
    unrun: "*"
  peerDependenciesMeta:
    "@arethetypeswrong/core":
      optional: true
    "@tsdown/css":
      optional: true
    "@tsdown/exe":
      optional: true
    "@vitejs/devtools":
      optional: true
    publint:
      optional: true
    tsx:
      optional: true
    typescript:
      optional: true
    unplugin-unused:
      optional: true
    unrun:
      optional: true
  bin:
    tsdown: ./dist/run.mjs
  checksum: 10c0/d29951647247fac54539a5d97278065a9d7877c4011bc9baa976d08e3a15ce48f8f7ff308bbedf507b3a1f3acd6aecfa1b71d3284239eb9b8a5c4b27afbce35a
  languageName: node
  linkType: hard

"typescript@npm:^7.0.2":
  version: 7.0.2
  resolution: "typescript@npm:7.0.2"
  dependencies:
    "@typescript/typescript-aix-ppc64": "npm:7.0.2"
    "@typescript/typescript-darwin-arm64": "npm:7.0.2"
    "@typescript/typescript-darwin-x64": "npm:7.0.2"
    "@typescript/typescript-freebsd-arm64": "npm:7.0.2"
    "@typescript/typescript-freebsd-x64": "npm:7.0.2"
    "@typescript/typescript-linux-arm": "npm:7.0.2"
    "@typescript/typescript-linux-arm64": "npm:7.0.2"
    "@typescript/typescript-linux-loong64": "npm:7.0.2"
    "@typescript/typescript-linux-mips64el": "npm:7.0.2"
    "@typescript/typescript-linux-ppc64": "npm:7.0.2"
    "@typescript/typescript-linux-riscv64": "npm:7.0.2"
    "@typescript/typescript-linux-s390x": "npm:7.0.2"
    "@typescript/typescript-linux-x64": "npm:7.0.2"
    "@typescript/typescript-netbsd-arm64": "npm:7.0.2"
    "@typescript/typescript-netbsd-x64": "npm:7.0.2"
    "@typescript/typescript-openbsd-arm64": "npm:7.0.2"
    "@typescript/typescript-openbsd-x64": "npm:7.0.2"
    "@typescript/typescript-sunos-x64": "npm:7.0.2"
    "@typescript/typescript-win32-arm64": "npm:7.0.2"
    "@typescript/typescript-win32-x64": "npm:7.0.2"
  dependenciesMeta:
    "@typescript/typescript-aix-ppc64":
      optional: true
    "@typescript/typescript-darwin-arm64":
      optional: true
    "@typescript/typescript-darwin-x64":
      optional: true
    "@typescript/typescript-freebsd-arm64":
      optional: true
    "@typescript/typescript-freebsd-x64":
      optional: true
    "@typescript/typescript-linux-arm":
      optional: true
    "@typescript/typescript-linux-arm64":
      optional: true
    "@typescript/typescript-linux-loong64":
      optional: true
    "@typescript/typescript-linux-mips64el":
      optional: true
    "@typescript/typescript-linux-ppc64":
      optional: true
    "@typescript/typescript-linux-riscv64":
      optional: true
    "@typescript/typescript-linux-s390x":
      optional: true
    "@typescript/typescript-linux-x64":
      optional: true
    "@typescript/typescript-netbsd-arm64":
      optional: true
    "@typescript/typescript-netbsd-x64":
      optional: true
    "@typescript/typescript-openbsd-arm64":
      optional: true
    "@typescript/typescript-openbsd-x64":
      optional: true
    "@typescript/typescript-sunos-x64":
      optional: true
    "@typescript/typescript-win32-arm64":
      optional: true
    "@typescript/typescript-win32-x64":
      optional: true
  bin:
    tsc: bin/tsc
  checksum: 10c0/3dcee51ec8c332492325bcdbf7df48b66668751f127e622ae7d41b6c716eb19184424a45e14f7750f50f340232388b69e6287859155f06a5ce2df76f12cb31cf
  languageName: node
  linkType: hard

"typescript@patch:typescript@npm%3A^7.0.2#optional!builtin<compat/typescript>":
  version: 7.0.2
  resolution: "typescript@patch:typescript@npm%3A7.0.2#optional!builtin<compat/typescript>::version=7.0.2&hash=3bafbf"
  dependencies:
    "@typescript/typescript-aix-ppc64": "npm:7.0.2"
    "@typescript/typescript-darwin-arm64": "npm:7.0.2"
    "@typescript/typescript-darwin-x64": "npm:7.0.2"
    "@typescript/typescript-freebsd-arm64": "npm:7.0.2"
    "@typescript/typescript-freebsd-x64": "npm:7.0.2"
    "@typescript/typescript-linux-arm": "npm:7.0.2"
    "@typescript/typescript-linux-arm64": "npm:7.0.2"
    "@typescript/typescript-linux-loong64": "npm:7.0.2"
    "@typescript/typescript-linux-mips64el": "npm:7.0.2"
    "@typescript/typescript-linux-ppc64": "npm:7.0.2"
    "@typescript/typescript-linux-riscv64": "npm:7.0.2"
    "@typescript/typescript-linux-s390x": "npm:7.0.2"
    "@typescript/typescript-linux-x64": "npm:7.0.2"
    "@typescript/typescript-netbsd-arm64": "npm:7.0.2"
    "@typescript/typescript-netbsd-x64": "npm:7.0.2"
    "@typescript/typescript-openbsd-arm64": "npm:7.0.2"
    "@typescript/typescript-openbsd-x64": "npm:7.0.2"
    "@typescript/typescript-sunos-x64": "npm:7.0.2"
    "@typescript/typescript-win32-arm64": "npm:7.0.2"
    "@typescript/typescript-win32-x64": "npm:7.0.2"
  dependenciesMeta:
    "@typescript/typescript-aix-ppc64":
      optional: true
    "@typescript/typescript-darwin-arm64":
      optional: true
    "@typescript/typescript-darwin-x64":
      optional: true
    "@typescript/typescript-freebsd-arm64":
      optional: true
    "@typescript/typescript-freebsd-x64":
      optional: true
    "@typescript/typescript-linux-arm":
      optional: true
    "@typescript/typescript-linux-arm64":
      optional: true
    "@typescript/typescript-linux-loong64":
      optional: true
    "@typescript/typescript-linux-mips64el":
      optional: true
    "@typescript/typescript-linux-ppc64":
      optional: true
    "@typescript/typescript-linux-riscv64":
      optional: true
    "@typescript/typescript-linux-s390x":
      optional: true
    "@typescript/typescript-linux-x64":
      optional: true
    "@typescript/typescript-netbsd-arm64":
      optional: true
    "@typescript/typescript-netbsd-x64":
      optional: true
    "@typescript/typescript-openbsd-arm64":
      optional: true
    "@typescript/typescript-openbsd-x64":
      optional: true
    "@typescript/typescript-sunos-x64":
      optional: true
    "@typescript/typescript-win32-arm64":
      optional: true
    "@typescript/typescript-win32-x64":
      optional: true
  bin:
    tsc: bin/tsc
  checksum: 10c0/6b3cdc369cd829d46e00734ea64233ee84419c2825ad8fe408915adde77abced4b7a2401f7eed517d54a7a4f5d1c1869753cb99018df1c2159c761d9f33483a6
  languageName: node
  linkType: hard

"unconfig-core@npm:^7.5.0":
  version: 7.5.0
  resolution: "unconfig-core@npm:7.5.0"
  dependencies:
    "@quansync/fs": "npm:^1.0.0"
    quansync: "npm:^1.0.0"
  checksum: 10c0/9c9f745254aa8e267140430a432353d17ee87f625b0ea0668e189d88736828d117b66bd2dd41f1d48bd40d44d5b7c7d160e8b7996a60c8f484e2975ef73c7cb7
  languageName: node
  linkType: hard

"undici-types@npm:~8.3.0":
  version: 8.3.0
  resolution: "undici-types@npm:8.3.0"
  checksum: 10c0/c8aa7e2fbebfce519654dafadc0ece59be888d2ccaf180fb4495da875e7b536d2456345c384069c7e6f3e9c9ab7435f074957da306f142343eee86ff8048855a
  languageName: node
  linkType: hard

"verkit@npm:^0.3.0":
  version: 0.3.2
  resolution: "verkit@npm:0.3.2"
  checksum: 10c0/2533d9cc4ee6514d7f0d07b035c56a1f3eedd3ec5c3a5b3df38af1f2e9412799476c250f51d034562ddeb36dea72d4530f840e7b80759bd9a527f31cc9aa54e7
  languageName: node
  linkType: hard

"webidl-conversions@npm:^7.0.0":
  version: 7.0.0
  resolution: "webidl-conversions@npm:7.0.0"
  checksum: 10c0/228d8cb6d270c23b0720cb2d95c579202db3aaf8f633b4e9dd94ec2000a04e7e6e43b76a94509cdb30479bd00ae253ab2371a2da9f81446cc313f89a4213a2c4
  languageName: node
  linkType: hard

"whatwg-url@npm:^14.1.0":
  version: 14.2.0
  resolution: "whatwg-url@npm:14.2.0"
  dependencies:
    tr46: "npm:^5.1.0"
    webidl-conversions: "npm:^7.0.0"
  checksum: 10c0/f746fc2f4c906607d09537de1227b13f9494c171141e5427ed7d2c0dd0b6a48b43d8e71abaae57d368d0c06b673fd8ec63550b32ad5ed64990c7b0266c2b4272
  languageName: node
  linkType: hard

"yoctocolors@npm:^2.1.1":
  version: 2.1.2
  resolution: "yoctocolors@npm:2.1.2"
  checksum: 10c0/b220f30f53ebc2167330c3adc86a3c7f158bcba0236f6c67e25644c3188e2571a6014ffc1321943bb619460259d3d27eb4c9cc58c2d884c1b195805883ec7066
  languageName: node
  linkType: hard

"yuku-ast@npm:^0.8.0, yuku-ast@npm:^0.8.7":
  version: 0.8.7
  resolution: "yuku-ast@npm:0.8.7"
  dependencies:
    "@yuku-toolchain/types": "npm:^0.8.7"
  checksum: 10c0/e004f43b3fc9ed7cbe9f1272e84b54b4c3ce4d72968a09371b2cbadabf70560677407a5cbbc3dfd9181e047bb3716c9a255d725eea4d4b109c1e3f2e358166cf
  languageName: node
  linkType: hard

"yuku-codegen@npm:^0.8.0":
  version: 0.8.7
  resolution: "yuku-codegen@npm:0.8.7"
  dependencies:
    "@yuku-codegen/binding-android-arm64": "npm:0.8.7"
    "@yuku-codegen/binding-darwin-arm64": "npm:0.8.7"
    "@yuku-codegen/binding-darwin-x64": "npm:0.8.7"
    "@yuku-codegen/binding-freebsd-x64": "npm:0.8.7"
    "@yuku-codegen/binding-linux-arm-gnu": "npm:0.8.7"
    "@yuku-codegen/binding-linux-arm-musl": "npm:0.8.7"
    "@yuku-codegen/binding-linux-arm64-gnu": "npm:0.8.7"
    "@yuku-codegen/binding-linux-arm64-musl": "npm:0.8.7"
    "@yuku-codegen/binding-linux-x64-gnu": "npm:0.8.7"
    "@yuku-codegen/binding-linux-x64-musl": "npm:0.8.7"
    "@yuku-codegen/binding-win32-arm64": "npm:0.8.7"
    "@yuku-codegen/binding-win32-x64": "npm:0.8.7"
    "@yuku-toolchain/types": "npm:^0.8.7"
  dependenciesMeta:
    "@yuku-codegen/binding-android-arm64":
      optional: true
    "@yuku-codegen/binding-darwin-arm64":
      optional: true
    "@yuku-codegen/binding-darwin-x64":
      optional: true
    "@yuku-codegen/binding-freebsd-x64":
      optional: true
    "@yuku-codegen/binding-linux-arm-gnu":
      optional: true
    "@yuku-codegen/binding-linux-arm-musl":
      optional: true
    "@yuku-codegen/binding-linux-arm64-gnu":
      optional: true
    "@yuku-codegen/binding-linux-arm64-musl":
      optional: true
    "@yuku-codegen/binding-linux-x64-gnu":
      optional: true
    "@yuku-codegen/binding-linux-x64-musl":
      optional: true
    "@yuku-codegen/binding-win32-arm64":
      optional: true
    "@yuku-codegen/binding-win32-x64":
      optional: true
  checksum: 10c0/e92ee7dc7cb7769ac9597e204d9bea25fef68912f8b1f5c969ed2506dde58693ea911760a19b6ec977ca6ca48193a7fe49b1a03c2854e1a578536bc6d64f0b11
  languageName: node
  linkType: hard

"yuku-parser@npm:^0.8.0":
  version: 0.8.7
  resolution: "yuku-parser@npm:0.8.7"
  dependencies:
    "@yuku-parser/binding-android-arm64": "npm:0.8.7"
    "@yuku-parser/binding-darwin-arm64": "npm:0.8.7"
    "@yuku-parser/binding-darwin-x64": "npm:0.8.7"
    "@yuku-parser/binding-freebsd-x64": "npm:0.8.7"
    "@yuku-parser/binding-linux-arm-gnu": "npm:0.8.7"
    "@yuku-parser/binding-linux-arm-musl": "npm:0.8.7"
    "@yuku-parser/binding-linux-arm64-gnu": "npm:0.8.7"
    "@yuku-parser/binding-linux-arm64-musl": "npm:0.8.7"
    "@yuku-parser/binding-linux-x64-gnu": "npm:0.8.7"
    "@yuku-parser/binding-linux-x64-musl": "npm:0.8.7"
    "@yuku-parser/binding-win32-arm64": "npm:0.8.7"
    "@yuku-parser/binding-win32-x64": "npm:0.8.7"
    "@yuku-toolchain/types": "npm:^0.8.7"
    yuku-ast: "npm:^0.8.7"
  dependenciesMeta:
    "@yuku-parser/binding-android-arm64":
      optional: true
    "@yuku-parser/binding-darwin-arm64":
      optional: true
    "@yuku-parser/binding-darwin-x64":
      optional: true
    "@yuku-parser/binding-freebsd-x64":
      optional: true
    "@yuku-parser/binding-linux-arm-gnu":
      optional: true
    "@yuku-parser/binding-linux-arm-musl":
      optional: true
    "@yuku-parser/binding-linux-arm64-gnu":
      optional: true
    "@yuku-parser/binding-linux-arm64-musl":
      optional: true
    "@yuku-parser/binding-linux-x64-gnu":
      optional: true
    "@yuku-parser/binding-linux-x64-musl":
      optional: true
    "@yuku-parser/binding-win32-arm64":
      optional: true
    "@yuku-parser/binding-win32-x64":
      optional: true
  checksum: 10c0/0cc1b55796dd420840a70a5a01c314b4a1967ac0458141d6877c08268e8343b43e7bbc217e58d13613fc9d22efb3dccd7ff1fcfce0c62902be67d346a7eb76df
  languageName: node
  linkType: hard
